
Microsoft Visual Studio Solution File, Format Version 12.00
# Visual Studio Version 17
VisualStudioVersion = 17.13.35825.156
MinimumVisualStudioVersion = 10.0.40219.1
Project("{FAE04EC0-301F-11D3-BF4B-00C04F79EFBC}") = "BookSerene", "BookSerene.csproj", "{8917042F-BD6F-4DA9-A0AF-E73F79C452AB}"
EndProject
Project("{FAE04EC0-301F-11D3-BF4B-00C04F79EFBC}") = "BsssBLogic", "Bsss_BusinessDataLogic\BsssBLogic.csproj", "{EE512D77-AD50-4439-8730-98082F910B7E}"
EndProject
Project("{FAE04EC0-301F-11D3-BF4B-00C04F79EFBC}") = "BsssDLogic", "BsssDLogic\BsssDLogic.csproj", "{8225180A-73C9-4658-AB41-57D6A2343D5E}"
EndProject
Project("{FAE04EC0-301F-11D3-BF4B-00C04F79EFBC}") = "BsssCommon", "BsssCommon\BsssCommon.csproj", "{F4A2CA41-B1FE-4D17-B2BA-DDEC6E4C9F3A}"
EndProject
Global
	GlobalSection(SolutionConfigurationPlatforms) = preSolution
		Debug|Any CPU = Debug|Any CPU
		Release|Any CPU = Release|Any CPU
	EndGlobalSection
	GlobalSection(ProjectConfigurationPlatforms) = postSolution
		{8917042F-BD6F-4DA9-A0AF-E73F79C452AB}.Debug|Any CPU.ActiveCfg = Debug|Any CPU
		{8917042F-BD6F-4DA9-A0AF-E73F79C452AB}.Debug|Any CPU.Build.0 = Debug|Any CPU
		{8917042F-BD6F-4DA9-A0AF-E73F79C452AB}.Release|Any CPU.ActiveCfg = Release|Any CPU
		{8917042F-BD6F-4DA9-A0AF-E73F79C452AB}.Release|Any CPU.Build.0 = Release|Any CPU
		{EE512D77-AD50-4439-8730-98082F910B7E}.Debug|Any CPU.ActiveCfg = Debug|Any CPU
		{EE512D77-AD50-4439-8730-98082F910B7E}.Debug|Any CPU.Build.0 = Debug|Any CPU
		{EE512D77-AD50-4439-8730-98082F910B7E}.Release|Any CPU.ActiveCfg = Release|Any CPU
		{EE512D77-AD50-4439-8730-98082F910B7E}.Release|Any CPU.Build.0 = Release|Any CPU
		{8225180A-73C9-4658-AB41-57D6A2343D5E}.Debug|Any CPU.ActiveCfg = Debug|Any CPU
		{8225180A-73C9-4658-AB41-57D6A2343D5E}.Debug|Any CPU.Build.0 = Debug|Any CPU
		{8225180A-73C9-4658-AB41-57D6A2343D5E}.Release|Any CPU.ActiveCfg = Release|Any CPU
		{8225180A-73C9-4658-AB41-57D6A2343D5E}.Release|Any CPU.Build.0 = Release|Any CPU
		{F4A2CA41-B1FE-4D17-B2BA-DDEC6E4C9F3A}.Debug|Any CPU.ActiveCfg = Debug|Any CPU
		{F4A2CA41-B1FE-4D17-B2BA-DDEC6E4C9F3A}.Debug|Any CPU.Build.0 = Debug|Any CPU
		{F4A2CA41-B1FE-4D17-B2BA-DDEC6E4C9F3A}.Release|Any CPU.ActiveCfg = Release|Any CPU
		{F4A2CA41-B1FE-4D17-B2BA-DDEC6E4C9F3A}.Release|Any CPU.Build.0 = Release|Any CPU
	EndGlobalSection
	GlobalSection(SolutionProperties) = preSolution
		HideSolutionNode = FALSE
	EndGlobalSection
	GlobalSection(ExtensibilityGlobals) = postSolution
		SolutionGuid = {5D79BC89-BDA1-4218-BF7F-31C95CB2F169}
	EndGlobalSection
EndGlobal
